
Microsoft Visual Studio Solution File, Format Version 12.00
# Visual Studio 15
VisualStudioVersion = 15.0.26124.0
MinimumVisualStudioVersion = 15.0.26124.0
Project("{FAE04EC0-301F-11D3-BF4B-00C04F79EFBC}") = "API", "API\API.csproj", "{E77BAF64-0806-4611-B4ED-38D354D94569}"
EndProject
Project("{FAE04EC0-301F-11D3-BF4B-00C04F79EFBC}") = "Core", "Core\Core.csproj", "{F424A123-58B3-4669-8E0D-3AF9D94509E5}"
EndProject
Project("{FAE04EC0-301F-11D3-BF4B-00C04F79EFBC}") = "Infrastructure", "Infrastructure\Infrastructure.csproj", "{70F60F2D-A8A6-4BA5-8EA8-987831F36433}"
EndProject
Global
	GlobalSection(SolutionConfigurationPlatforms) = preSolution
		Debug|Any CPU = Debug|Any CPU
		Debug|x64 = Debug|x64
		Debug|x86 = Debug|x86
		Release|Any CPU = Release|Any CPU
		Release|x64 = Release|x64
		Release|x86 = Release|x86
	EndGlobalSection
	GlobalSection(SolutionProperties) = preSolution
		HideSolutionNode = FALSE
	EndGlobalSection
	GlobalSection(ProjectConfigurationPlatforms) = postSolution
		{E77BAF64-0806-4611-B4ED-38D354D94569}.Debug|Any CPU.ActiveCfg = Debug|Any CPU
		{E77BAF64-0806-4611-B4ED-38D354D94569}.Debug|Any CPU.Build.0 = Debug|Any CPU
		{E77BAF64-0806-4611-B4ED-38D354D94569}.Debug|x64.ActiveCfg = Debug|Any CPU
		{E77BAF64-0806-4611-B4ED-38D354D94569}.Debug|x64.Build.0 = Debug|Any CPU
		{E77BAF64-0806-4611-B4ED-38D354D94569}.Debug|x86.ActiveCfg = Debug|Any CPU
		{E77BAF64-0806-4611-B4ED-38D354D94569}.Debug|x86.Build.0 = Debug|Any CPU
		{E77BAF64-0806-4611-B4ED-38D354D94569}.Release|Any CPU.ActiveCfg = Release|Any CPU
		{E77BAF64-0806-4611-B4ED-38D354D94569}.Release|Any CPU.Build.0 = Release|Any CPU
		{E77BAF64-0806-4611-B4ED-38D354D94569}.Release|x64.ActiveCfg = Release|Any CPU
		{E77BAF64-0806-4611-B4ED-38D354D94569}.Release|x64.Build.0 = Release|Any CPU
		{E77BAF64-0806-4611-B4ED-38D354D94569}.Release|x86.ActiveCfg = Release|Any CPU
		{E77BAF64-0806-4611-B4ED-38D354D94569}.Release|x86.Build.0 = Release|Any CPU
		{F424A123-58B3-4669-8E0D-3AF9D94509E5}.Debug|Any CPU.ActiveCfg = Debug|Any CPU
		{F424A123-58B3-4669-8E0D-3AF9D94509E5}.Debug|Any CPU.Build.0 = Debug|Any CPU
		{F424A123-58B3-4669-8E0D-3AF9D94509E5}.Debug|x64.ActiveCfg = Debug|Any CPU
		{F424A123-58B3-4669-8E0D-3AF9D94509E5}.Debug|x64.Build.0 = Debug|Any CPU
		{F424A123-58B3-4669-8E0D-3AF9D94509E5}.Debug|x86.ActiveCfg = Debug|Any CPU
		{F424A123-58B3-4669-8E0D-3AF9D94509E5}.Debug|x86.Build.0 = Debug|Any CPU
		{F424A123-58B3-4669-8E0D-3AF9D94509E5}.Release|Any CPU.ActiveCfg = Release|Any CPU
		{F424A123-58B3-4669-8E0D-3AF9D94509E5}.Release|Any CPU.Build.0 = Release|Any CPU
		{F424A123-58B3-4669-8E0D-3AF9D94509E5}.Release|x64.ActiveCfg = Release|Any CPU
		{F424A123-58B3-4669-8E0D-3AF9D94509E5}.Release|x64.Build.0 = Release|Any CPU
		{F424A123-58B3-4669-8E0D-3AF9D94509E5}.Release|x86.ActiveCfg = Release|Any CPU
		{F424A123-58B3-4669-8E0D-3AF9D94509E5}.Release|x86.Build.0 = Release|Any CPU
		{70F60F2D-A8A6-4BA5-8EA8-987831F36433}.Debug|Any CPU.ActiveCfg = Debug|Any CPU
		{70F60F2D-A8A6-4BA5-8EA8-987831F36433}.Debug|Any CPU.Build.0 = Debug|Any CPU
		{70F60F2D-A8A6-4BA5-8EA8-987831F36433}.Debug|x64.ActiveCfg = Debug|Any CPU
		{70F60F2D-A8A6-4BA5-8EA8-987831F36433}.Debug|x64.Build.0 = Debug|Any CPU
		{70F60F2D-A8A6-4BA5-8EA8-987831F36433}.Debug|x86.ActiveCfg = Debug|Any CPU
		{70F60F2D-A8A6-4BA5-8EA8-987831F36433}.Debug|x86.Build.0 = Debug|Any CPU
		{70F60F2D-A8A6-4BA5-8EA8-987831F36433}.Release|Any CPU.ActiveCfg = Release|Any CPU
		{70F60F2D-A8A6-4BA5-8EA8-987831F36433}.Release|Any CPU.Build.0 = Release|Any CPU
		{70F60F2D-A8A6-4BA5-8EA8-987831F36433}.Release|x64.ActiveCfg = Release|Any CPU
		{70F60F2D-A8A6-4BA5-8EA8-987831F36433}.Release|x64.Build.0 = Release|Any CPU
		{70F60F2D-A8A6-4BA5-8EA8-987831F36433}.Release|x86.ActiveCfg = Release|Any CPU
		{70F60F2D-A8A6-4BA5-8EA8-987831F36433}.Release|x86.Build.0 = Release|Any CPU
	EndGlobalSection
EndGlobal
